github.com/jayxu96/baby-naming v1.0.0 h1:zQ+dxAJ4mHUKOK7PbJzgY4s68K0YU795PB8tdrL+to8=
github.com/jayxu96/baby-naming v1.0.0/go.mod h1:w6mILj1/phfp3n31grtk+zORjU2WuTawkSG2vQxQb4A=
github.com/jayxu96/baby-naming v1.0.1 h1:VYy5Np7qBA5r9FBuAK0K+gWuunC+5KZnDC2fVR7RWoc=
github.com/jayxu96/baby-naming v1.0.1/go.mod h1:w6mILj1/phfp3n31grtk+zORjU2WuTawkSG2vQxQb4A=
